{
  "version": 4,
  "terraform_version": "1.4.5",
  "serial": 792,
  "lineage": "d7b486b5-bb99-fd9c-8fa4-8e676bb9fd35",
  "outputs": {},
  "resources": [
    {
      "mode": "managed",
      "type": "aws_eks_cluster",
      "name": "dev_cluster",
      "provider": "provider[\"registry.terraform.io/hashicorp/aws\"]",
      "instances": [
        {
          "schema_version": 1,
          "attributes": {
            "access_config": [
              {
                "authentication_mode": "CONFIG_MAP",
                "bootstrap_cluster_creator_admin_permissions": true
              }
            ],
            "arn": "arn:aws:eks:ap-south-1:831926623818:cluster/example",
            "bootstrap_self_managed_addons": true,
            "certificate_authority": [
              {
                "data": "LS0tLS1CRUdJTiBDRVJUSUZJQ0FURS0tLS0tCk1JSURCVENDQWUyZ0F3SUJBZ0lJVUhzTlNGNG9FTDR3RFFZSktvWklodmNOQVFFTEJRQXdGVEVUTUJFR0ExVUUKQXhNS2EzVmlaWEp1WlhSbGN6QWVGdzB5TkRBNU1qa3hOVE0xTWpaYUZ3MHpOREE1TWpjeE5UUXdNalphTUJVeApFekFSQmdOVkJBTVRDbXQxWW1WeWJtVjBaWE13Z2dFaU1BMEdDU3FHU0liM0RRRUJBUVVBQTRJQkR3QXdnZ0VLCkFvSUJBUUR4Yk5TQzNFRGN4bFV6aDZOUWUwbGJMdEw0ZFpKc2lZTXAzaElQcW9BWDhZbWhENGFZQmt1RnZlRjEKZEdQOTJZYkRBUHBXZnJzT2hPdHJjU3FmL1g1V0Z3Ry96Uy91eU1sNUY3OEZaVXVoMWZISSttSWMvZk5NSnZXVAo3TGhYcEJpK0d4OU16cEZBMUlmY3JBTWI3alNkcG1CM1lINHZBVFY3MFlnNTNjVzM0dUtjU0t0eEMrWmJpbGZZCit6dE1BcFJsaG1mYWcxQzNQbW9CZ09kdjloMlhlSHBHcUs5WUZwb0s4K0g1ZzBieHduK01wM3FNNUJ5RmRBek4KUjlueUdpeEJBWlJsWXovWlUwcXVqMS92akJpemtiYmU4ZlJEZmEvV3RFZ2huQ2ZBWHZOaFFPZm9iclAxdlR6TApVVmFIc1cvQUpuNDQ0L1BsNUZpYUQvUU1VYm41QWdNQkFBR2pXVEJYTUE0R0ExVWREd0VCL3dRRUF3SUNwREFQCkJnTlZIUk1CQWY4RUJUQURBUUgvTUIwR0ExVWREZ1FXQkJSUW9LQWlxUFA5Tyt3dXc4Ni9ESjN3akExZlZUQVYKQmdOVkhSRUVEakFNZ2dwcmRXSmxjbTVsZEdWek1BMEdDU3FHU0liM0RRRUJDd1VBQTRJQkFRQjhEanhIS3JsUwpDcmlaNXpFcFdTVGF1UFlrNUs1QjZ2L05aS1ZlZE9wdVcvM0Z4emtQRG55QWVjR2xFQUJvR3pKSFcrbWFKR09ZCk90Z1UreHNXTDRnbHhlbkRUU3ZiU2tCdWdRK0JMekhHMGo4dTF4ZWZBZWVDUndtaFNZYm9MaWVsdXphZldjVUcKZ2RCQnc5NUxIMXlkSmlCaGEyZkZhL1VEcU13ZDltUDdoWmIzblNTV1I1dEF0Qm45Ym54VmtMT3daTktkZHowLwozalA1ZkZXUnV1ZkE2R2pBUlZOU3pXaGI4aDR0dHJ2R1BpbktNbFl1bGJpc1B5UTZkSUFqQXR0ancra3FYWkNpCmJtWTh2bkQzM2hBaFJVTTVnM0VmT0xQUytuSk9KNUVzTFRwT05MS051RUlzU1VqZmZxR2JkZy9obGovT1AydXoKeVJoRTc1NlU5b1paCi0tLS0tRU5EIENFUlRJRklDQVRFLS0tLS0K"
              }
            ],
            "cluster_id": null,
            "created_at": "2024-09-29T15:36:24Z",
            "enabled_cluster_log_types": [
              "api",
              "audit"
            ],
            "encryption_config": [],
            "endpoint": "https://32B9A5A20DDCD1C560A2B7E545E44CA5.sk1.ap-south-1.eks.amazonaws.com",
            "id": "example",
            "identity": [
              {
                "oidc": [
                  {
                    "issuer": "https://oidc.eks.ap-south-1.amazonaws.com/id/32B9A5A20DDCD1C560A2B7E545E44CA5"
                  }
                ]
              }
            ],
            "kubernetes_network_config": [
              {
                "ip_family": "ipv4",
                "service_ipv4_cidr": "192.168.0.0/16",
                "service_ipv6_cidr": ""
              }
            ],
            "name": "example",
            "outpost_config": [],
            "platform_version": "eks.19",
            "role_arn": "arn:aws:iam::831926623818:role/aws_master_policy",
            "status": "ACTIVE",
            "tags": {},
            "tags_all": {},
            "timeouts": null,
            "upgrade_policy": [
              {
                "support_type": "EXTENDED"
              }
            ],
            "version": "1.28",
            "vpc_config": [
              {
                "cluster_security_group_id": "sg-0fe5ffb70506efc25",
                "endpoint_private_access": false,
                "endpoint_public_access": true,
                "public_access_cidrs": [
                  "0.0.0.0/0"
                ],
                "security_group_ids": [],
                "subnet_ids": [
                  "subnet-012151f7d3ee405e2",
                  "subnet-01995d1992310722c"
                ],
                "vpc_id": "vpc-099884de713439bd3"
              }
            ]
          },
          "sensitive_attributes": [],
          "private": "eyJlMmJmYjczMC1lY2FhLTExZTYtOGY4OC0zNDM2M2JjN2M0YzAiOnsiY3JlYXRlIjoxODAwMDAwMDAwMDAwLCJkZWxldGUiOjkwMDAwMDAwMDAwMCwidXBkYXRlIjozNjAwMDAwMDAwMDAwfSwic2NoZW1hX3ZlcnNpb24iOiIxIn0=",
          "dependencies": [
            "aws_iam_role.eks_master_policy",
            "aws_iam_role_policy_attachment.cluster_policy",
            "aws_iam_role_policy_attachment.vpc_resource",
            "module.vpc.aws_subnet.public",
            "module.vpc.aws_vpc.this",
            "module.vpc.aws_vpc_ipv4_cidr_block_association.this"
          ]
        }
      ]
    },
    {
      "mode": "managed",
      "type": "aws_iam_role",
      "name": "eks_master_policy",
      "provider": "provider[\"registry.terraform.io/hashicorp/aws\"]",
      "instances": [
        {
          "schema_version": 0,
          "attributes": {
            "arn": "arn:aws:iam::831926623818:role/aws_master_policy",
            "assume_role_policy": "{\"Statement\":[{\"Action\":\"sts:AssumeRole\",\"Effect\":\"Allow\",\"Principal\":{\"Service\":\"eks.amazonaws.com\"}}],\"Version\":\"2012-10-17\"}",
            "create_date": "2024-09-29T15:35:59Z",
            "description": "",
            "force_detach_policies": false,
            "id": "aws_master_policy",
            "inline_policy": [],
            "managed_policy_arns": [
              "arn:aws:iam::aws:policy/AmazonEKSClusterPolicy",
              "arn:aws:iam::aws:policy/AmazonEKSVPCResourceController"
            ],
            "max_session_duration": 3600,
            "name": "aws_master_policy",
            "name_prefix": "",
            "path": "/",
            "permissions_boundary": "",
            "tags": {},
            "tags_all": {},
            "unique_id": "AROA4DMVQ3ZFACJMXWCD7"
          },
          "sensitive_attributes": [],
          "private": "bnVsbA=="
        }
      ]
    },
    {
      "mode": "managed",
      "type": "aws_iam_role_policy_attachment",
      "name": "cluster_policy",
      "provider": "provider[\"registry.terraform.io/hashicorp/aws\"]",
      "instances": [
        {
          "schema_version": 0,
          "attributes": {
            "id": "aws_master_policy-20240929153557086400000002",
            "policy_arn": "arn:aws:iam::aws:policy/AmazonEKSClusterPolicy",
            "role": "aws_master_policy"
          },
          "sensitive_attributes": [],
          "private": "bnVsbA==",
          "dependencies": [
            "aws_iam_role.eks_master_policy"
          ]
        }
      ]
    },
    {
      "mode": "managed",
      "type": "aws_iam_role_policy_attachment",
      "name": "vpc_resource",
      "provider": "provider[\"registry.terraform.io/hashicorp/aws\"]",
      "instances": [
        {
          "schema_version": 0,
          "attributes": {
            "id": "aws_master_policy-20240929153557058100000001",
            "policy_arn": "arn:aws:iam::aws:policy/AmazonEKSVPCResourceController",
            "role": "aws_master_policy"
          },
          "sensitive_attributes": [],
          "private": "bnVsbA==",
          "dependencies": [
            "aws_iam_role.eks_master_policy"
          ]
        }
      ]
    },
    {
      "module": "module.vpc",
      "mode": "managed",
      "type": "aws_subnet",
      "name": "public",
      "provider": "provider[\"registry.terraform.io/hashicorp/aws\"]",
      "instances": [
        {
          "index_key": 0,
          "schema_version": 1,
          "attributes": {
            "arn": "arn:aws:ec2:ap-south-1:831926623818:subnet/subnet-012151f7d3ee405e2",
            "assign_ipv6_address_on_creation": false,
            "availability_zone": "ap-south-1a",
            "availability_zone_id": "aps1-az1",
            "cidr_block": "10.0.101.0/24",
            "customer_owned_ipv4_pool": "",
            "enable_dns64": false,
            "enable_lni_at_device_index": 0,
            "enable_resource_name_dns_a_record_on_launch": false,
            "enable_resource_name_dns_aaaa_record_on_launch": false,
            "id": "subnet-012151f7d3ee405e2",
            "ipv6_cidr_block": "",
            "ipv6_cidr_block_association_id": "",
            "ipv6_native": false,
            "map_customer_owned_ip_on_launch": false,
            "map_public_ip_on_launch": true,
            "outpost_arn": "",
            "owner_id": "831926623818",
            "private_dns_hostname_type_on_launch": "ip-name",
            "tags": {
              "Env": "dev",
              "Name": "my-vpc-public-ap-south-1a",
              "name": "public-subnet",
              "owner": "Krishna"
            },
            "tags_all": {
              "Env": "dev",
              "Name": "my-vpc-public-ap-south-1a",
              "name": "public-subnet",
              "owner": "Krishna"
            },
            "timeouts": null,
            "vpc_id": "vpc-099884de713439bd3"
          },
          "sensitive_attributes": [],
          "private": "eyJlMmJmYjczMC1lY2FhLTExZTYtOGY4OC0zNDM2M2JjN2M0YzAiOnsiY3JlYXRlIjo2MDAwMDAwMDAwMDAsImRlbGV0ZSI6MTIwMDAwMDAwMDAwMH0sInNjaGVtYV92ZXJzaW9uIjoiMSJ9",
          "dependencies": [
            "module.vpc.aws_vpc.this",
            "module.vpc.aws_vpc_ipv4_cidr_block_association.this"
          ]
        },
        {
          "index_key": 1,
          "schema_version": 1,
          "attributes": {
            "arn": "arn:aws:ec2:ap-south-1:831926623818:subnet/subnet-01995d1992310722c",
            "assign_ipv6_address_on_creation": false,
            "availability_zone": "ap-south-1b",
            "availability_zone_id": "aps1-az3",
            "cidr_block": "10.0.102.0/24",
            "customer_owned_ipv4_pool": "",
            "enable_dns64": false,
            "enable_lni_at_device_index": 0,
            "enable_resource_name_dns_a_record_on_launch": false,
            "enable_resource_name_dns_aaaa_record_on_launch": false,
            "id": "subnet-01995d1992310722c",
            "ipv6_cidr_block": "",
            "ipv6_cidr_block_association_id": "",
            "ipv6_native": false,
            "map_customer_owned_ip_on_launch": false,
            "map_public_ip_on_launch": true,
            "outpost_arn": "",
            "owner_id": "831926623818",
            "private_dns_hostname_type_on_launch": "ip-name",
            "tags": {
              "Env": "dev",
              "Name": "my-vpc-public-ap-south-1b",
              "name": "public-subnet",
              "owner": "Krishna"
            },
            "tags_all": {
              "Env": "dev",
              "Name": "my-vpc-public-ap-south-1b",
              "name": "public-subnet",
              "owner": "Krishna"
            },
            "timeouts": null,
            "vpc_id": "vpc-099884de713439bd3"
          },
          "sensitive_attributes": [],
          "private": "eyJlMmJmYjczMC1lY2FhLTExZTYtOGY4OC0zNDM2M2JjN2M0YzAiOnsiY3JlYXRlIjo2MDAwMDAwMDAwMDAsImRlbGV0ZSI6MTIwMDAwMDAwMDAwMH0sInNjaGVtYV92ZXJzaW9uIjoiMSJ9",
          "dependencies": [
            "module.vpc.aws_vpc.this",
            "module.vpc.aws_vpc_ipv4_cidr_block_association.this"
          ]
        }
      ]
    },
    {
      "module": "module.vpc",
      "mode": "managed",
      "type": "aws_vpc",
      "name": "this",
      "provider": "provider[\"registry.terraform.io/hashicorp/aws\"]",
      "instances": [
        {
          "index_key": 0,
          "schema_version": 1,
          "attributes": {
            "arn": "arn:aws:ec2:ap-south-1:831926623818:vpc/vpc-099884de713439bd3",
            "assign_generated_ipv6_cidr_block": false,
            "cidr_block": "10.0.0.0/16",
            "default_network_acl_id": "acl-0b1921c853590f7bd",
            "default_route_table_id": "rtb-02edc63a7cad7ed70",
            "default_security_group_id": "sg-0e92e589b1bdab9ce",
            "dhcp_options_id": "dopt-094a6d811420810f8",
            "enable_dns_hostnames": true,
            "enable_dns_support": true,
            "enable_network_address_usage_metrics": false,
            "id": "vpc-099884de713439bd3",
            "instance_tenancy": "default",
            "ipv4_ipam_pool_id": null,
            "ipv4_netmask_length": null,
            "ipv6_association_id": "",
            "ipv6_cidr_block": "",
            "ipv6_cidr_block_network_border_group": "",
            "ipv6_ipam_pool_id": "",
            "ipv6_netmask_length": 0,
            "main_route_table_id": "rtb-02edc63a7cad7ed70",
            "owner_id": "831926623818",
            "tags": {
              "Env": "dev",
              "Name": "my-vpc",
              "owner": "Krishna"
            },
            "tags_all": {
              "Env": "dev",
              "Name": "my-vpc",
              "owner": "Krishna"
            }
          },
          "sensitive_attributes": [],
          "private": "eyJzY2hlbWFfdmVyc2lvbiI6IjEifQ==",
          "create_before_destroy": true
        }
      ]
    }
  ],
  "check_results": null
}

